{
	"name": "@ahmed_eid/search_via_node",
	"version": "1.0.1",
	"lockfileVersion": 2,
	"requires": true,
	"packages": {
		"": {
			"name": "@ahmed_eid/search_via_node",
			"version": "1.0.1",
			"license": "ISC",
			"dependencies": {
				"@ahmed_eid/ts_playground": "^1.0.2"
			},
			"devDependencies": {
				"@types/node": "^18.11.18"
			}
		},
		"node_modules/@ahmed_eid/ts_playground": {
			"version": "1.0.7",
			"resolved": "https://registry.npmjs.org/@ahmed_eid/ts_playground/-/ts_playground-1.0.7.tgz",
			"integrity": "sha512-o8L4fVXEHfVYvubJgakETBfGpNMemN8n2Jyjw9pFmtzrs6PAdhctj0fvayCtsB7sxHBaQEjBL10wuOxZERhJ1A=="
		},
		"node_modules/@types/node": {
			"version": "18.11.18",
			"resolved": "https://registry.npmjs.org/@types/node/-/node-18.11.18.tgz",
			"integrity": "sha512-DHQpWGjyQKSHj3ebjFI/wRKcqQcdR+MoFBygntYOZytCqNfkd2ZC4ARDJ2DQqhjH5p85Nnd3jhUJIXrszFX/JA==",
			"dev": true
		}
	},
	"dependencies": {
		"@ahmed_eid/ts_playground": {
			"version": "1.0.7",
			"resolved": "https://registry.npmjs.org/@ahmed_eid/ts_playground/-/ts_playground-1.0.7.tgz",
			"integrity": "sha512-o8L4fVXEHfVYvubJgakETBfGpNMemN8n2Jyjw9pFmtzrs6PAdhctj0fvayCtsB7sxHBaQEjBL10wuOxZERhJ1A=="
		},
		"@types/node": {
			"version": "18.11.18",
			"resolved": "https://registry.npmjs.org/@types/node/-/node-18.11.18.tgz",
			"integrity": "sha512-DHQpWGjyQKSHj3ebjFI/wRKcqQcdR+MoFBygntYOZytCqNfkd2ZC4ARDJ2DQqhjH5p85Nnd3jhUJIXrszFX/JA==",
			"dev": true
		}
	}
}
